
Microsoft Visual Studio Solution File, Format Version 12.00
# Visual Studio Version 16
VisualStudioVersion = 16.0.29926.136
MinimumVisualStudioVersion = 10.0.40219.1
Project("{FAE04EC0-301F-11D3-BF4B-00C04F79EFBC}") = "Construction_Management_System", "Construction_Management_System\Construction_Management_System.csproj", "{503121FB-232E-4F94-B6AC-EA151302400B}"
EndProject
Global
	GlobalSection(SolutionConfigurationPlatforms) = preSolution
		Debug|Any CPU = Debug|Any CPU
		Release|Any CPU = Release|Any CPU
	EndGlobalSection
	GlobalSection(ProjectConfigurationPlatforms) = postSolution
		{503121FB-232E-4F94-B6AC-EA151302400B}.Debug|Any CPU.ActiveCfg = Debug|Any CPU
		{503121FB-232E-4F94-B6AC-EA151302400B}.Debug|Any CPU.Build.0 = Debug|Any CPU
		{503121FB-232E-4F94-B6AC-EA151302400B}.Release|Any CPU.ActiveCfg = Release|Any CPU
		{503121FB-232E-4F94-B6AC-EA151302400B}.Release|Any CPU.Build.0 = Release|Any CPU
	EndGlobalSection
	GlobalSection(SolutionProperties) = preSolution
		HideSolutionNode = FALSE
	EndGlobalSection
	GlobalSection(ExtensibilityGlobals) = postSolution
		SolutionGuid = {5C5B09BE-F734-4ABC-859F-80846CB66EE2}
	EndGlobalSection
EndGlobal
